<?xml version="1.0" encoding="utf-8"?>
<Project ToolsVersion="4.0" xmlns="http://schemas.microsoft.com/developer/msbuild/2003">
  <ItemGroup>
    <Filter Include="Source Files">
      <UniqueIdentifier>{4FC737F1-C7A5-4376-A066-2A32D752A2FF}</UniqueIdentifier>
      <Extensions>cpp;c;cc;cxx;c++;cppm;ixx;def;odl;idl;hpj;bat;asm;asmx</Extensions>
    </Filter>
    <Filter Include="Header Files">
      <UniqueIdentifier>{93995380-89BD-4b04-88EB-625FBE52EBFB}</UniqueIdentifier>
      <Extensions>h;hh;hpp;hxx;h++;hm;inl;inc;ipp;xsd</Extensions>
    </Filter>
    <Filter Include="Resource Files">
      <UniqueIdentifier>{67DA6AB6-F800-4c08-8B7A-83BB121AAD01}</UniqueIdentifier>
      <Extensions>rc;ico;cur;bmp;dlg;rc2;rct;bin;rgs;gif;jpg;jpeg;jpe;resx;tiff;tif;png;wav;mfcribbon-ms</Extensions>
    </Filter>
  </ItemGroup>
  <ItemGroup>
    <ClInclude Include="Library.h">
      <Filter>Header Files</Filter>
    </ClInclude>
    <ClInclude Include="Item.h">
      <Filter>Header Files</Filter>
    </ClInclude>
    <ClInclude Include="Librarian.h">
      <Filter>Header Files</Filter>
    </ClInclude>
    <ClInclude Include="Membership.h">
      <Filter>Header Files</Filter>
    </ClInclude>
    <ClInclude Include="Patron.h">
      <Filter>Header Files</Filter>
    </ClInclude>
    <ClInclude Include="LendingRecord.h">
      <Filter>Header Files</Filter>
    </ClInclude>
    <ClInclude Include="Book.h">
      <Filter>Header Files</Filter>
    </ClInclude>
    <ClInclude Include="Magazine.h">
      <Filter>Header Files</Filter>
    </ClInclude>
    <ClInclude Include="Toy.h">
      <Filter>Header Files</Filter>
    </ClInclude>
    <ClInclude Include="BoardGame.h">
      <Filter>Header Files</Filter>
    </ClInclude>
    <ClInclude Include="DVD.h">
      <Filter>Header Files</Filter>
    </ClInclude>
    <ClInclude Include="Catalogue.h">
      <Filter>Header Files</Filter>
    </ClInclude>
    <ClInclude Include="BoardGameGeekDetailsLoader.h">
      <Filter>Header Files</Filter>
    </ClInclude>
    <ClInclude Include="BoardGameAdapter.h">
      <Filter>Header Files</Filter>
    </ClInclude>
    <ClInclude Include="ISBNdbDetailsLoader.h">
      <Filter>Header Files</Filter>
    </ClInclude>
    <ClInclude Include="ISBNDetailsLoader.h">
      <Filter>Header Files</Filter>
    </ClInclude>
    <ClInclude Include="IMDBAdapter.h">
      <Filter>Header Files</Filter>
    </ClInclude>
    <ClInclude Include="IMDBdbDetailsLoader.h">
      <Filter>Header Files</Filter>
    </ClInclude>
    <ClInclude Include="Fine.h">
      <Filter>Header Files</Filter>
    </ClInclude>
    <ClInclude Include="IFineStrategy.h">
      <Filter>Header Files</Filter>
    </ClInclude>
    <ClInclude Include="BooksFineStrategy.h">
      <Filter>Header Files</Filter>
    </ClInclude>
    <ClInclude Include="BoardGamesFineStrategy.h">
      <Filter>Header Files</Filter>
    </ClInclude>
    <ClInclude Include="ToysFineStrategy.h">
      <Filter>Header Files</Filter>
    </ClInclude>
    <ClInclude Include="OthersFineStrategy.h">
      <Filter>Header Files</Filter>
    </ClInclude>
    <ClInclude Include="Hold.h">
      <Filter>Header Files</Filter>
    </ClInclude>
    <ClInclude Include="IObserver.h">
      <Filter>Header Files</Filter>
    </ClInclude>
    <ClInclude Include="ISubject.h">
      <Filter>Header Files</Filter>
    </ClInclude>
    <ClInclude Include="NotificationSystem.h">
      <Filter>Header Files</Filter>
    </ClInclude>
    <ClInclude Include="UserNotificationSystemFacade.h">
      <Filter>Header Files</Filter>
    </ClInclude>
  </ItemGroup>
  <ItemGroup>
    <ClCompile Include="Library.cpp">
      <Filter>Source Files</Filter>
    </ClCompile>
    <ClCompile Include="Item.cpp">
      <Filter>Source Files</Filter>
    </ClCompile>
    <ClCompile Include="Librarian.cpp">
      <Filter>Source Files</Filter>
    </ClCompile>
    <ClCompile Include="Membership.cpp">
      <Filter>Source Files</Filter>
    </ClCompile>
    <ClCompile Include="Patron.cpp">
      <Filter>Source Files</Filter>
    </ClCompile>
    <ClCompile Include="LendingRecord.cpp">
      <Filter>Source Files</Filter>
    </ClCompile>
    <ClCompile Include="Book.cpp">
      <Filter>Source Files</Filter>
    </ClCompile>
    <ClCompile Include="Magazine.cpp">
      <Filter>Source Files</Filter>
    </ClCompile>
    <ClCompile Include="Toy.cpp">
      <Filter>Source Files</Filter>
    </ClCompile>
    <ClCompile Include="BoardGame.cpp">
      <Filter>Source Files</Filter>
    </ClCompile>
    <ClCompile Include="DVD.cpp">
      <Filter>Source Files</Filter>
    </ClCompile>
    <ClCompile Include="Catalogue.cpp">
      <Filter>Source Files</Filter>
    </ClCompile>
    <ClCompile Include="BoardGameGeekDetailsLoader.cpp">
      <Filter>Source Files</Filter>
    </ClCompile>
    <ClCompile Include="BoardGameAdapter.cpp">
      <Filter>Source Files</Filter>
    </ClCompile>
    <ClCompile Include="ISBNdbDetailsLoader.cpp">
      <Filter>Source Files</Filter>
    </ClCompile>
    <ClCompile Include="ISBNDetailsLoader.cpp">
      <Filter>Source Files</Filter>
    </ClCompile>
    <ClCompile Include="IMDBAdapter.cpp">
      <Filter>Source Files</Filter>
    </ClCompile>
    <ClCompile Include="IMDBdbDetailsLoader.cpp">
      <Filter>Source Files</Filter>
    </ClCompile>
    <ClCompile Include="Fine.cpp">
      <Filter>Source Files</Filter>
    </ClCompile>
    <ClCompile Include="BooksFineStrategy.cpp">
      <Filter>Source Files</Filter>
    </ClCompile>
    <ClCompile Include="BoardGamesFineStrategy.cpp">
      <Filter>Source Files</Filter>
    </ClCompile>
    <ClCompile Include="ToysFineStrategy.cpp">
      <Filter>Source Files</Filter>
    </ClCompile>
    <ClCompile Include="OthersFineStrategy.cpp">
      <Filter>Source Files</Filter>
    </ClCompile>
    <ClCompile Include="Hold.cpp">
      <Filter>Source Files</Filter>
    </ClCompile>
    <ClCompile Include="IObserver.cpp">
      <Filter>Source Files</Filter>
    </ClCompile>
    <ClCompile Include="ISubject.cpp">
      <Filter>Source Files</Filter>
    </ClCompile>
    <ClCompile Include="NotificationSystem.cpp">
      <Filter>Source Files</Filter>
    </ClCompile>
    <ClCompile Include="UserNotificationSystemFacade.cpp">
      <Filter>Source Files</Filter>
    </ClCompile>
  </ItemGroup>
</Project>